
Microsoft Visual Studio Solution File, Format Version 12.00
# Visual Studio Version 16
VisualStudioVersion = 16.0.30225.117
MinimumVisualStudioVersion = 10.0.40219.1
Project("{FAE04EC0-301F-11D3-BF4B-00C04F79EFBC}") = "Playfare crypt", "Playfare crypt\Playfare crypt.csproj", "{50EF1450-1C4D-4B29-BDEE-7E651D56EA9B}"
EndProject
Global
	GlobalSection(SolutionConfigurationPlatforms) = preSolution
		Debug|Any CPU = Debug|Any CPU
		Release|Any CPU = Release|Any CPU
	EndGlobalSection
	GlobalSection(ProjectConfigurationPlatforms) = postSolution
		{50EF1450-1C4D-4B29-BDEE-7E651D56EA9B}.Debug|Any CPU.ActiveCfg = Debug|Any CPU
		{50EF1450-1C4D-4B29-BDEE-7E651D56EA9B}.Debug|Any CPU.Build.0 = Debug|Any CPU
		{50EF1450-1C4D-4B29-BDEE-7E651D56EA9B}.Release|Any CPU.ActiveCfg = Release|Any CPU
		{50EF1450-1C4D-4B29-BDEE-7E651D56EA9B}.Release|Any CPU.Build.0 = Release|Any CPU
	EndGlobalSection
	GlobalSection(SolutionProperties) = preSolution
		HideSolutionNode = FALSE
	EndGlobalSection
	GlobalSection(ExtensibilityGlobals) = postSolution
		SolutionGuid = {6277165A-68CC-4B62-A2AC-6E5E1DF2AF8E}
	EndGlobalSection
EndGlobal
